
Microsoft Visual Studio Solution File, Format Version 12.00
# Visual Studio Version 17
VisualStudioVersion = 17.11.35312.102
MinimumVisualStudioVersion = 10.0.40219.1
Project("{2150E333-8FDC-42A3-9474-1A3956D46DE8}") = "Solution Items", "Solution Items", "{8DD0DF14-79B7-4A88-965F-297F53D914A7}"
	ProjectSection(SolutionItems) = preProject
		Directory.Build.props = Directory.Build.props
		Directory.Build.targets = Directory.Build.targets
	EndProjectSection
EndProject
Project("{9A19103F-16F7-4668-BE54-9A1E7A4F7556}") = "NSGA2", "NSGA2\Nsga2.csproj", "{A9D5EB93-B45B-4D73-8B25-82453AFCF4D9}"
EndProject
Project("{9A19103F-16F7-4668-BE54-9A1E7A4F7556}") = "UnitTests", "UnitTests\UnitTests.csproj", "{809EB364-5C05-4ED2-A2F2-077BDA666534}"
EndProject
Global
	GlobalSection(SolutionConfigurationPlatforms) = preSolution
		Debug|Any CPU = Debug|Any CPU
		Release|Any CPU = Release|Any CPU
		ReleaseNoLogging|Any CPU = ReleaseNoLogging|Any CPU
	EndGlobalSection
	GlobalSection(ProjectConfigurationPlatforms) = postSolution
		{A9D5EB93-B45B-4D73-8B25-82453AFCF4D9}.Debug|Any CPU.ActiveCfg = Debug|Any CPU
		{A9D5EB93-B45B-4D73-8B25-82453AFCF4D9}.Debug|Any CPU.Build.0 = Debug|Any CPU
		{A9D5EB93-B45B-4D73-8B25-82453AFCF4D9}.Release|Any CPU.ActiveCfg = Release|Any CPU
		{A9D5EB93-B45B-4D73-8B25-82453AFCF4D9}.Release|Any CPU.Build.0 = Release|Any CPU
		{A9D5EB93-B45B-4D73-8B25-82453AFCF4D9}.ReleaseNoLogging|Any CPU.ActiveCfg = ReleaseNoLogging|Any CPU
		{A9D5EB93-B45B-4D73-8B25-82453AFCF4D9}.ReleaseNoLogging|Any CPU.Build.0 = ReleaseNoLogging|Any CPU
		{809EB364-5C05-4ED2-A2F2-077BDA666534}.Debug|Any CPU.ActiveCfg = Debug|Any CPU
		{809EB364-5C05-4ED2-A2F2-077BDA666534}.Debug|Any CPU.Build.0 = Debug|Any CPU
		{809EB364-5C05-4ED2-A2F2-077BDA666534}.Release|Any CPU.ActiveCfg = Release|Any CPU
		{809EB364-5C05-4ED2-A2F2-077BDA666534}.Release|Any CPU.Build.0 = Release|Any CPU
		{809EB364-5C05-4ED2-A2F2-077BDA666534}.ReleaseNoLogging|Any CPU.ActiveCfg = ReleaseNoLogging|Any CPU
		{809EB364-5C05-4ED2-A2F2-077BDA666534}.ReleaseNoLogging|Any CPU.Build.0 = ReleaseNoLogging|Any CPU
	EndGlobalSection
	GlobalSection(SolutionProperties) = preSolution
		HideSolutionNode = FALSE
	EndGlobalSection
	GlobalSection(ExtensibilityGlobals) = postSolution
		SolutionGuid = {92EE9A54-FF29-4D2C-9183-585BEF03BBFF}
	EndGlobalSection
EndGlobal
